
Microsoft Visual Studio Solution File, Format Version 12.00
# Visual Studio 15
VisualStudioVersion = 15.0.26730.15
MinimumVisualStudioVersion = 10.0.40219.1
Project("{FAE04EC0-301F-11D3-BF4B-00C04F79EFBC}") = "ParallelProgramming", "ParallelProgramming\ParallelProgramming.csproj", "{F12C155A-AFBE-4BB4-8E39-AAC81BA5277E}"
EndProject
Project("{FAE04EC0-301F-11D3-BF4B-00C04F79EFBC}") = "02DataSharingAndSynchronization", "02DataSharingAndSynchronization\02DataSharingAndSynchronization.csproj", "{CAEC0725-D261-4B05-B20F-3DB2181DB930}"
EndProject
Global
	GlobalSection(SolutionConfigurationPlatforms) = preSolution
		Debug|Any CPU = Debug|Any CPU
		Release|Any CPU = Release|Any CPU
	EndGlobalSection
	GlobalSection(ProjectConfigurationPlatforms) = postSolution
		{F12C155A-AFBE-4BB4-8E39-AAC81BA5277E}.Debug|Any CPU.ActiveCfg = Debug|Any CPU
		{F12C155A-AFBE-4BB4-8E39-AAC81BA5277E}.Debug|Any CPU.Build.0 = Debug|Any CPU
		{F12C155A-AFBE-4BB4-8E39-AAC81BA5277E}.Release|Any CPU.ActiveCfg = Release|Any CPU
		{F12C155A-AFBE-4BB4-8E39-AAC81BA5277E}.Release|Any CPU.Build.0 = Release|Any CPU
		{CAEC0725-D261-4B05-B20F-3DB2181DB930}.Debug|Any CPU.ActiveCfg = Debug|Any CPU
		{CAEC0725-D261-4B05-B20F-3DB2181DB930}.Debug|Any CPU.Build.0 = Debug|Any CPU
		{CAEC0725-D261-4B05-B20F-3DB2181DB930}.Release|Any CPU.ActiveCfg = Release|Any CPU
		{CAEC0725-D261-4B05-B20F-3DB2181DB930}.Release|Any CPU.Build.0 = Release|Any CPU
	EndGlobalSection
	GlobalSection(SolutionProperties) = preSolution
		HideSolutionNode = FALSE
	EndGlobalSection
	GlobalSection(ExtensibilityGlobals) = postSolution
		SolutionGuid = {AC1288C8-D21E-462F-8B3B-8ED384C1AEA1}
	EndGlobalSection
EndGlobal
